# This file is autogenerated, do not edit; changes may be undone by the next 'dep ensure'.


[[projects]]
  name = "github.com/BurntSushi/toml"
  packages = ["."]
  revision = "b26d9c308763d68093482582cea63d69be07a0f0"
  version = "v0.3.0"

[[projects]]
  branch = "master"
  name = "github.com/DataDrake/cli-ng"
  packages = [
    "cmd",
    "options",
    "translate"
  ]
  revision = "98c0687043a6aceed32931ee03124e4b2bb15235"

[[projects]]
  branch = "master"
  name = "github.com/DataDrake/waterlog"
  packages = [
    ".",
    "format",
    "level"
  ]
  revision = "e7ea7e6d740f0753b116c7f1366ec26db843e6a2"

[[projects]]
  name = "github.com/kisielk/gotool"
  packages = ["internal/load"]
  revision = "80517062f582ea3340cd4baf70e86d539ae7d84d"
  version = "v1.0.0"

[[projects]]
  name = "github.com/leonelquinteros/gotext"
  packages = ["."]
  revision = "92b69ffa4cc0895b83b42f50065e9de5a3c32960"
  version = "v1.3.1"

[[projects]]
  branch = "master"
  name = "github.com/mattn/kinako"
  packages = [
    "ast",
    "parser",
    "vm"
  ]
  revision = "332c0a7e205a29536e672337a4bea6c7a96b04c1"

[solve-meta]
  analyzer-name = "dep"
  analyzer-version = 1
  inputs-digest = "68f8535e2eef3189b179e5dd17b983306dfbc711cafaf7770580a6b1fdaa7693"
  solver-name = "gps-cdcl"
  solver-version = 1
